
Microsoft Visual Studio Solution File, Format Version 12.00
# Visual Studio Version 16
VisualStudioVersion = 16.0.32510.428
MinimumVisualStudioVersion = 10.0.40219.1
Project("{FAE04EC0-301F-11D3-BF4B-00C04F79EFBC}") = "PsySalud", "PsySalud.csproj", "{BC2DAAD9-F9B8-4CFF-A01C-B03B122DB489}"
EndProject
Global
	GlobalSection(SolutionConfigurationPlatforms) = preSolution
		Debug|Any CPU = Debug|Any CPU
		Release|Any CPU = Release|Any CPU
	EndGlobalSection
	GlobalSection(ProjectConfigurationPlatforms) = postSolution
		{BC2DAAD9-F9B8-4CFF-A01C-B03B122DB489}.Debug|Any CPU.ActiveCfg = Debug|Any CPU
		{BC2DAAD9-F9B8-4CFF-A01C-B03B122DB489}.Debug|Any CPU.Build.0 = Debug|Any CPU
		{BC2DAAD9-F9B8-4CFF-A01C-B03B122DB489}.Release|Any CPU.ActiveCfg = Release|Any CPU
		{BC2DAAD9-F9B8-4CFF-A01C-B03B122DB489}.Release|Any CPU.Build.0 = Release|Any CPU
	EndGlobalSection
	GlobalSection(SolutionProperties) = preSolution
		HideSolutionNode = FALSE
	EndGlobalSection
	GlobalSection(ExtensibilityGlobals) = postSolution
		SolutionGuid = {01C7069A-365E-45DA-B509-A6754E1EE6A3}
	EndGlobalSection
EndGlobal
